// !$*UTF8*$!
{
	archiveVersion = 1;
	classes = {
	};
	objectVersion = 48;
	objects = {

/* Begin PBXBuildFile section */
		3E257A06208F503C00616302 /* Settings.bundle in Resources */ = {isa = PBXBuildFile; fileRef = 3E257A05208F503B00616302 /* Settings.bundle */; };
		3E72A621208790AD00234FD0 /* ProductTableViewController.swift in Sources */ = {isa = PBXBuildFile; fileRef = 3E72A620208790AD00234FD0 /* ProductTableViewController.swift */; };
		3E72A62420879C5B00234FD0 /* StatesViewController.swift in Sources */ = {isa = PBXBuildFile; fileRef = 3E72A62320879C5B00234FD0 /* StatesViewController.swift */; };
		3E72A62620879F5400234FD0 /* ProductRegisterViewController.swift in Sources */ = {isa = PBXBuildFile; fileRef = 3E72A62520879F5400234FD0 /* ProductRegisterViewController.swift */; };
		3E72A6292087A9AF00234FD0 /* ProductsLib.xcdatamodeld in Sources */ = {isa = PBXBuildFile; fileRef = 3E72A6272087A9AF00234FD0 /* ProductsLib.xcdatamodeld */; };
		3E72A62C2087CDD700234FD0 /* UIViewController+CoreData.swift in Sources */ = {isa = PBXBuildFile; fileRef = 3E72A62B2087CDD700234FD0 /* UIViewController+CoreData.swift */; };
		3E72A6302087D77D00234FD0 /* ProductTableViewCell.swift in Sources */ = {isa = PBXBuildFile; fileRef = 3E72A62F2087D77D00234FD0 /* ProductTableViewCell.swift */; };
		3E74F6F2208665DA001A804A /* AppDelegate.swift in Sources */ = {isa = PBXBuildFile; fileRef = 3E74F6F1208665DA001A804A /* AppDelegate.swift */; };
		3E74F6F7208665DA001A804A /* Main.storyboard in Resources */ = {isa = PBXBuildFile; fileRef = 3E74F6F5208665DA001A804A /* Main.storyboard */; };
		3E74F6F9208665DE001A804A /* Assets.xcassets in Resources */ = {isa = PBXBuildFile; fileRef = 3E74F6F8208665DE001A804A /* Assets.xcassets */; };
		3E74F6FC208665DE001A804A /* LaunchScreen.storyboard in Resources */ = {isa = PBXBuildFile; fileRef = 3E74F6FA208665DE001A804A /* LaunchScreen.storyboard */; };
		3E7EFFA0208A0C360064C166 /* ProductViewController.swift in Sources */ = {isa = PBXBuildFile; fileRef = 3E7EFF9F208A0C360064C166 /* ProductViewController.swift */; };
		3ED7B65E208E80AE0054E2CA /* StateTableViewCell.swift in Sources */ = {isa = PBXBuildFile; fileRef = 3ED7B65D208E80AE0054E2CA /* StateTableViewCell.swift */; };
/* End PBXBuildFile section */

/* Begin PBXFileReference section */
		3E257A05208F503B00616302 /* Settings.bundle */ = {isa = PBXFileReference; lastKnownFileType = "wrapper.plug-in"; path = Settings.bundle; sourceTree = "<group>"; };
		3E72A620208790AD00234FD0 /* ProductTableViewController.swift */ = {isa = PBXFileReference; lastKnownFileType = sourcecode.swift; path = ProductTableViewController.swift; sourceTree = "<group>"; };
		3E72A62320879C5B00234FD0 /* StatesViewController.swift */ = {isa = PBXFileReference; lastKnownFileType = sourcecode.swift; path = StatesViewController.swift; sourceTree = "<group>"; };
		3E72A62520879F5400234FD0 /* ProductRegisterViewController.swift */ = {isa = PBXFileReference; lastKnownFileType = sourcecode.swift; path = ProductRegisterViewController.swift; sourceTree = "<group>"; };
		3E72A6282087A9AF00234FD0 /* ProductsLib.xcdatamodel */ = {isa = PBXFileReference; lastKnownFileType = wrapper.xcdatamodel; path = ProductsLib.xcdatamodel; sourceTree = "<group>"; };
		3E72A62B2087CDD700234FD0 /* UIViewController+CoreData.swift */ = {isa = PBXFileReference; lastKnownFileType = sourcecode.swift; path = "UIViewController+CoreData.swift"; sourceTree = "<group>"; };
		3E72A62F2087D77D00234FD0 /* ProductTableViewCell.swift */ = {isa = PBXFileReference; lastKnownFileType = sourcecode.swift; path = ProductTableViewCell.swift; sourceTree = "<group>"; };
		3E74F6EE208665DA001A804A /* GledsonStrublic.app */ = {isa = PBXFileReference; explicitFileType = wrapper.application; includeInIndex = 0; path = GledsonStrublic.app; sourceTree = BUILT_PRODUCTS_DIR; };
		3E74F6F1208665DA001A804A /* AppDelegate.swift */ = {isa = PBXFileReference; lastKnownFileType = sourcecode.swift; path = AppDelegate.swift; sourceTree = "<group>"; };
		3E74F6F6208665DA001A804A /* Base */ = {isa = PBXFileReference; lastKnownFileType = file.storyboard; name = Base; path = Base.lproj/Main.storyboard; sourceTree = "<group>"; };
		3E74F6F8208665DE001A804A /* Assets.xcassets */ = {isa = PBXFileReference; lastKnownFileType = folder.assetcatalog; path = Assets.xcassets; sourceTree = "<group>"; };
		3E74F6FB208665DE001A804A /* Base */ = {isa = PBXFileReference; lastKnownFileType = file.storyboard; name = Base; path = Base.lproj/LaunchScreen.storyboard; sourceTree = "<group>"; };
		3E74F6FD208665DE001A804A /* Info.plist */ = {isa = PBXFileReference; lastKnownFileType = text.plist.xml; path = Info.plist; sourceTree = "<group>"; };
		3E7EFF9F208A0C360064C166 /* ProductViewController.swift */ = {isa = PBXFileReference; lastKnownFileType = sourcecode.swift; path = ProductViewController.swift; sourceTree = "<group>"; };
		3ED7B65D208E80AE0054E2CA /* StateTableViewCell.swift */ = {isa = PBXFileReference; lastKnownFileType = sourcecode.swift; path = StateTableViewCell.swift; sourceTree = "<group>"; };
/* End PBXFileReference section */

/* Begin PBXFrameworksBuildPhase section */
		3E74F6EB208665DA001A804A /* Frameworks */ = {
			isa = PBXFrameworksBuildPhase;
			buildActionMask = 2147483647;
			files = (
			);
			runOnlyForDeploymentPostprocessing = 0;
		};
/* End PBXFrameworksBuildPhase section */

/* Begin PBXGroup section */
		3E72A61F2087907100234FD0 /* Product */ = {
			isa = PBXGroup;
			children = (
				3E72A620208790AD00234FD0 /* ProductTableViewController.swift */,
				3E72A62520879F5400234FD0 /* ProductRegisterViewController.swift */,
				3E72A62F2087D77D00234FD0 /* ProductTableViewCell.swift */,
				3E7EFF9F208A0C360064C166 /* ProductViewController.swift */,
			);
			path = Product;
			sourceTree = "<group>";
		};
		3E72A62220879C3C00234FD0 /* State */ = {
			isa = PBXGroup;
			children = (
				3E72A62320879C5B00234FD0 /* StatesViewController.swift */,
				3ED7B65D208E80AE0054E2CA /* StateTableViewCell.swift */,
			);
			path = State;
			sourceTree = "<group>";
		};
		3E72A62A2087CDB300234FD0 /* Extensions */ = {
			isa = PBXGroup;
			children = (
				3E72A62B2087CDD700234FD0 /* UIViewController+CoreData.swift */,
			);
			path = Extensions;
			sourceTree = "<group>";
		};
		3E74F6E5208665DA001A804A = {
			isa = PBXGroup;
			children = (
				3E74F6F0208665DA001A804A /* GledsonStrublic */,
				3E74F6EF208665DA001A804A /* Products */,
			);
			sourceTree = "<group>";
		};
		3E74F6EF208665DA001A804A /* Products */ = {
			isa = PBXGroup;
			children = (
				3E74F6EE208665DA001A804A /* GledsonStrublic.app */,
			);
			name = Products;
			sourceTree = "<group>";
		};
		3E74F6F0208665DA001A804A /* GledsonStrublic */ = {
			isa = PBXGroup;
			children = (
				3E72A62A2087CDB300234FD0 /* Extensions */,
				3E72A62220879C3C00234FD0 /* State */,
				3E72A61F2087907100234FD0 /* Product */,
				3E74F6F1208665DA001A804A /* AppDelegate.swift */,
				3E72A6272087A9AF00234FD0 /* ProductsLib.xcdatamodeld */,
				3E74F6F5208665DA001A804A /* Main.storyboard */,
				3E74F6F8208665DE001A804A /* Assets.xcassets */,
				3E74F6FA208665DE001A804A /* LaunchScreen.storyboard */,
				3E74F6FD208665DE001A804A /* Info.plist */,
				3E257A05208F503B00616302 /* Settings.bundle */,
			);
			path = GledsonStrublic;
			sourceTree = "<group>";
		};
/* End PBXGroup section */

/* Begin PBXNativeTarget section */
		3E74F6ED208665DA001A804A /* GledsonStrublic */ = {
			isa = PBXNativeTarget;
			buildConfigurationList = 3E74F700208665DE001A804A /* Build configuration list for PBXNativeTarget "GledsonStrublic" */;
			buildPhases = (
				3E74F6EA208665DA001A804A /* Sources */,
				3E74F6EB208665DA001A804A /* Frameworks */,
				3E74F6EC208665DA001A804A /* Resources */,
			);
			buildRules = (
			);
			dependencies = (
			);
			name = GledsonStrublic;
			productName = GledsonStrublic;
			productReference = 3E74F6EE208665DA001A804A /* GledsonStrublic.app */;
			productType = "com.apple.product-type.application";
		};
/* End PBXNativeTarget section */

/* Begin PBXProject section */
		3E74F6E6208665DA001A804A /* Project object */ = {
			isa = PBXProject;
			attributes = {
				LastSwiftUpdateCheck = 0930;
				LastUpgradeCheck = 0930;
				ORGANIZATIONNAME = Mobile2you;
				TargetAttributes = {
					3E74F6ED208665DA001A804A = {
						CreatedOnToolsVersion = 9.3;
						ProvisioningStyle = Automatic;
					};
				};
			};
			buildConfigurationList = 3E74F6E9208665DA001A804A /* Build configuration list for PBXProject "GledsonStrublic" */;
			compatibilityVersion = "Xcode 8.0";
			developmentRegion = en;
			hasScannedForEncodings = 0;
			knownRegions = (
				en,
				Base,
			);
			mainGroup = 3E74F6E5208665DA001A804A;
			productRefGroup = 3E74F6EF208665DA001A804A /* Products */;
			projectDirPath = "";
			projectRoot = "";
			targets = (
				3E74F6ED208665DA001A804A /* GledsonStrublic */,
			);
		};
/* End PBXProject section */

/* Begin PBXResourcesBuildPhase section */
		3E74F6EC208665DA001A804A /* Resources */ = {
			isa = PBXResourcesBuildPhase;
			buildActionMask = 2147483647;
			files = (
				3E257A06208F503C00616302 /* Settings.bundle in Resources */,
				3E74F6FC208665DE001A804A /* LaunchScreen.storyboard in Resources */,
				3E74F6F9208665DE001A804A /* Assets.xcassets in Resources */,
				3E74F6F7208665DA001A804A /* Main.storyboard in Resources */,
			);
			runOnlyForDeploymentPostprocessing = 0;
		};
/* End PBXResourcesBuildPhase section */

/* Begin PBXSourcesBuildPhase section */
		3E74F6EA208665DA001A804A /* Sources */ = {
			isa = PBXSourcesBuildPhase;
			buildActionMask = 2147483647;
			files = (
				3E72A62420879C5B00234FD0 /* StatesViewController.swift in Sources */,
				3E72A62620879F5400234FD0 /* ProductRegisterViewController.swift in Sources */,
				3E72A6302087D77D00234FD0 /* ProductTableViewCell.swift in Sources */,
				3E72A621208790AD00234FD0 /* ProductTableViewController.swift in Sources */,
				3ED7B65E208E80AE0054E2CA /* StateTableViewCell.swift in Sources */,
				3E72A62C2087CDD700234FD0 /* UIViewController+CoreData.swift in Sources */,
				3E74F6F2208665DA001A804A /* AppDelegate.swift in Sources */,
				3E7EFFA0208A0C360064C166 /* ProductViewController.swift in Sources */,
				3E72A6292087A9AF00234FD0 /* ProductsLib.xcdatamodeld in Sources */,
			);
			runOnlyForDeploymentPostprocessing = 0;
		};
/* End PBXSourcesBuildPhase section */

/* Begin PBXVariantGroup section */
		3E74F6F5208665DA001A804A /* Main.storyboard */ = {
			isa = PBXVariantGroup;
			children = (
				3E74F6F6208665DA001A804A /* Base */,
			);
			name = Main.storyboard;
			sourceTree = "<group>";
		};
		3E74F6FA208665DE001A804A /* LaunchScreen.storyboard */ = {
			isa = PBXVariantGroup;
			children = (
				3E74F6FB208665DE001A804A /* Base */,
			);
			name = LaunchScreen.storyboard;
			sourceTree = "<group>";
		};
/* End PBXVariantGroup section */

/* Begin XCBuildConfiguration section */
		3E74F6FE208665DE001A804A /* Debug */ = {
			isa = XCBuildConfiguration;
			buildSettings = {
				ALWAYS_SEARCH_USER_PATHS = NO;
				CLANG_ANALYZER_NONNULL = YES;
				CLANG_ANALYZER_NUMBER_OBJECT_CONVERSION = YES_AGGRESSIVE;
				CLANG_CXX_LANGUAGE_STANDARD = "gnu++14";
				CLANG_CXX_LIBRARY = "libc++";
				CLANG_ENABLE_MODULES = YES;
				CLANG_ENABLE_OBJC_ARC = YES;
				CLANG_ENABLE_OBJC_WEAK = YES;
				CLANG_WARN_BLOCK_CAPTURE_AUTORELEASING = YES;
				CLANG_WARN_BOOL_CONVERSION = YES;
				CLANG_WARN_COMMA = YES;
				CLANG_WARN_CONSTANT_CONVERSION = YES;
				CLANG_WARN_DEPRECATED_OBJC_IMPLEMENTATIONS = YES;
				CLANG_WARN_DIRECT_OBJC_ISA_USAGE = YES_ERROR;
				CLANG_WARN_DOCUMENTATION_COMMENTS = YES;
				CLANG_WARN_EMPTY_BODY = YES;
				CLANG_WARN_ENUM_CONVERSION = YES;
				CLANG_WARN_INFINITE_RECURSION = YES;
				CLANG_WARN_INT_CONVERSION = YES;
				CLANG_WARN_NON_LITERAL_NULL_CONVERSION = YES;
				CLANG_WARN_OBJC_IMPLICIT_RETAIN_SELF = YES;
				CLANG_WARN_OBJC_LITERAL_CONVERSION = YES;
				CLANG_WARN_OBJC_ROOT_CLASS = YES_ERROR;
				CLANG_WARN_RANGE_LOOP_ANALYSIS = YES;
				CLANG_WARN_STRICT_PROTOTYPES = YES;
				CLANG_WARN_SUSPICIOUS_MOVE = YES;
				CLANG_WARN_UNGUARDED_AVAILABILITY = YES_AGGRESSIVE;
				CLANG_WARN_UNREACHABLE_CODE = YES;
				CLANG_WARN__DUPLICATE_METHOD_MATCH = YES;
				CODE_SIGN_IDENTITY = "iPhone Developer";
				COPY_PHASE_STRIP = NO;
				DEBUG_INFORMATION_FORMAT = dwarf;
				ENABLE_STRICT_OBJC_MSGSEND = YES;
				ENABLE_TESTABILITY = YES;
				GCC_C_LANGUAGE_STANDARD = gnu11;
				GCC_DYNAMIC_NO_PIC = NO;
				GCC_NO_COMMON_BLOCKS = YES;
				GCC_OPTIMIZATION_LEVEL = 0;
				GCC_PREPROCESSOR_DEFINITIONS = (
					"DEBUG=1",
					"$(inherited)",
				);
				GCC_WARN_64_TO_32_BIT_CONVERSION = YES;
				GCC_WARN_ABOUT_RETURN_TYPE = YES_ERROR;
				GCC_WARN_UNDECLARED_SELECTOR = YES;
				GCC_WARN_UNINITIALIZED_AUTOS = YES_AGGRESSIVE;
				GCC_WARN_UNUSED_FUNCTION = YES;
				GCC_WARN_UNUSED_VARIABLE = YES;
				IPHONEOS_DEPLOYMENT_TARGET = 11.3;
				MTL_ENABLE_DEBUG_INFO = YES;
				ONLY_ACTIVE_ARCH = YES;
				SDKROOT = iphoneos;
				SWIFT_ACTIVE_COMPILATION_CONDITIONS = DEBUG;
				SWIFT_OPTIMIZATION_LEVEL = "-Onone";
			};
			name = Debug;
		};
		3E74F6FF208665DE001A804A /* Release */ = {
			isa = XCBuildConfiguration;
			buildSettings = {
				ALWAYS_SEARCH_USER_PATHS = NO;
				CLANG_ANALYZER_NONNULL = YES;
				CLANG_ANALYZER_NUMBER_OBJECT_CONVERSION = YES_AGGRESSIVE;
				CLANG_CXX_LANGUAGE_STANDARD = "gnu++14";
				CLANG_CXX_LIBRARY = "libc++";
				CLANG_ENABLE_MODULES = YES;
				CLANG_ENABLE_OBJC_ARC = YES;
				CLANG_ENABLE_OBJC_WEAK = YES;
				CLANG_WARN_BLOCK_CAPTURE_AUTORELEASING = YES;
				CLANG_WARN_BOOL_CONVERSION = YES;
				CLANG_WARN_COMMA = YES;
				CLANG_WARN_CONSTANT_CONVERSION = YES;
				CLANG_WARN_DEPRECATED_OBJC_IMPLEMENTATIONS = YES;
				CLANG_WARN_DIRECT_OBJC_ISA_USAGE = YES_ERROR;
				CLANG_WARN_DOCUMENTATION_COMMENTS = YES;
				CLANG_WARN_EMPTY_BODY = YES;
				CLANG_WARN_ENUM_CONVERSION = YES;
				CLANG_WARN_INFINITE_RECURSION = YES;
				CLANG_WARN_INT_CONVERSION = YES;
				CLANG_WARN_NON_LITERAL_NULL_CONVERSION = YES;
				CLANG_WARN_OBJC_IMPLICIT_RETAIN_SELF = YES;
				CLANG_WARN_OBJC_LITERAL_CONVERSION = YES;
				CLANG_WARN_OBJC_ROOT_CLASS = YES_ERROR;
				CLANG_WARN_RANGE_LOOP_ANALYSIS = YES;
				CLANG_WARN_STRICT_PROTOTYPES = YES;
				CLANG_WARN_SUSPICIOUS_MOVE = YES;
				CLANG_WARN_UNGUARDED_AVAILABILITY = YES_AGGRESSIVE;
				CLANG_WARN_UNREACHABLE_CODE = YES;
				CLANG_WARN__DUPLICATE_METHOD_MATCH = YES;
				CODE_SIGN_IDENTITY = "iPhone Developer";
				COPY_PHASE_STRIP = NO;
				DEBUG_INFORMATION_FORMAT = "dwarf-with-dsym";
				ENABLE_NS_ASSERTIONS = NO;
				ENABLE_STRICT_OBJC_MSGSEND = YES;
				GCC_C_LANGUAGE_STANDARD = gnu11;
				GCC_NO_COMMON_BLOCKS = YES;
				GCC_WARN_64_TO_32_BIT_CONVERSION = YES;
				GCC_WARN_ABOUT_RETURN_TYPE = YES_ERROR;
				GCC_WARN_UNDECLARED_SELECTOR = YES;
				GCC_WARN_UNINITIALIZED_AUTOS = YES_AGGRESSIVE;
				GCC_WARN_UNUSED_FUNCTION = YES;
				GCC_WARN_UNUSED_VARIABLE = YES;
				IPHONEOS_DEPLOYMENT_TARGET = 11.3;
				MTL_ENABLE_DEBUG_INFO = NO;
				SDKROOT = iphoneos;
				SWIFT_OPTIMIZATION_LEVEL = "-Owholemodule";
				VALIDATE_PRODUCT = YES;
			};
			name = Release;
		};
		3E74F701208665DE001A804A /* Debug */ = {
			isa = XCBuildConfiguration;
			buildSettings = {
				ASSETCATALOG_COMPILER_APPICON_NAME = AppIcon;
				CODE_SIGN_STYLE = Automatic;
				INFOPLIST_FILE = GledsonStrublic/Info.plist;
				IPHONEOS_DEPLOYMENT_TARGET = 11.0;
				LD_RUNPATH_SEARCH_PATHS = "$(inherited) @executable_path/Frameworks";
				PRODUCT_BUNDLE_IDENTIFIER = FIAP.GledsonStrublic;
				PRODUCT_NAME = "$(TARGET_NAME)";
				SWIFT_VERSION = 4.0;
				TARGETED_DEVICE_FAMILY = 1;
			};
			name = Debug;
		};
		3E74F702208665DE001A804A /* Release */ = {
			isa = XCBuildConfiguration;
			buildSettings = {
				ASSETCATALOG_COMPILER_APPICON_NAME = AppIcon;
				CODE_SIGN_STYLE = Automatic;
				INFOPLIST_FILE = GledsonStrublic/Info.plist;
				IPHONEOS_DEPLOYMENT_TARGET = 11.0;
				LD_RUNPATH_SEARCH_PATHS = "$(inherited) @executable_path/Frameworks";
				PRODUCT_BUNDLE_IDENTIFIER = FIAP.GledsonStrublic;
				PRODUCT_NAME = "$(TARGET_NAME)";
				SWIFT_VERSION = 4.0;
				TARGETED_DEVICE_FAMILY = 1;
			};
			name = Release;
		};
/* End XCBuildConfiguration section */

/* Begin XCConfigurationList section */
		3E74F6E9208665DA001A804A /* Build configuration list for PBXProject "GledsonStrublic" */ = {
			isa = XCConfigurationList;
			buildConfigurations = (
				3E74F6FE208665DE001A804A /* Debug */,
				3E74F6FF208665DE001A804A /* Release */,
			);
			defaultConfigurationIsVisible = 0;
			defaultConfigurationName = Release;
		};
		3E74F700208665DE001A804A /* Build configuration list for PBXNativeTarget "GledsonStrublic" */ = {
			isa = XCConfigurationList;
			buildConfigurations = (
				3E74F701208665DE001A804A /* Debug */,
				3E74F702208665DE001A804A /* Release */,
			);
			defaultConfigurationIsVisible = 0;
			defaultConfigurationName = Release;
		};
/* End XCConfigurationList section */

/* Begin XCVersionGroup section */
		3E72A6272087A9AF00234FD0 /* ProductsLib.xcdatamodeld */ = {
			isa = XCVersionGroup;
			children = (
				3E72A6282087A9AF00234FD0 /* ProductsLib.xcdatamodel */,
			);
			currentVersion = 3E72A6282087A9AF00234FD0 /* ProductsLib.xcdatamodel */;
			path = ProductsLib.xcdatamodeld;
			sourceTree = "<group>";
			versionGroupType = wrapper.xcdatamodel;
		};
/* End XCVersionGroup section */
	};
	rootObject = 3E74F6E6208665DA001A804A /* Project object */;
}
